
Microsoft Visual Studio Solution File, Format Version 12.00
# Visual Studio Version 17
VisualStudioVersion = 17.8.34525.116
MinimumVisualStudioVersion = 10.0.40219.1
Project("{2150E333-8FDC-42A3-9474-1A3956D46DE8}") = "Client", "Client", "{3A908D06-4874-4EDB-8D83-9C8A24D1FE9F}"
EndProject
Project("{2150E333-8FDC-42A3-9474-1A3956D46DE8}") = "Server", "Server", "{39472557-9CE7-4FF3-AAB4-94109B0DE55E}"
EndProject
Project("{54A90642-561A-4BB1-A94E-469ADEE60C69}") = "Sagar.RS.Frontend", "Sagar.RS.Frontend\Sagar.RS.Frontend.esproj", "{26353DC6-A890-41C5-AE9A-87848EDDCD5A}"
EndProject
Project("{2150E333-8FDC-42A3-9474-1A3956D46DE8}") = "Application", "Application", "{C14F79E8-66BB-4F8A-8863-F55996FFF72E}"
EndProject
Project("{2150E333-8FDC-42A3-9474-1A3956D46DE8}") = "Core", "Core", "{C5556FA4-0864-4428-BD35-F99495E3F183}"
EndProject
Project("{2150E333-8FDC-42A3-9474-1A3956D46DE8}") = "Infrastructure", "Infrastructure", "{FBA8CA0B-908F-4A7E-AF85-4CEEC896B736}"
EndProject
Project("{2150E333-8FDC-42A3-9474-1A3956D46DE8}") = "Presentation", "Presentation", "{70B9E2FF-0D2C-4FC3-9004-AC2EB33CE21F}"
EndProject
Project("{2150E333-8FDC-42A3-9474-1A3956D46DE8}") = "Test", "Test", "{B8C85235-1FAC-4877-938D-F07852B46B47}"
EndProject
Project("{FAE04EC0-301F-11D3-BF4B-00C04F79EFBC}") = "Sagar.RS.Application", "Sagar.RS.Application\Sagar.RS.Application.csproj", "{8B415F8D-31D1-49DE-993C-FEF3A05D7801}"
EndProject
Project("{2150E333-8FDC-42A3-9474-1A3956D46DE8}") = "DAL", "DAL", "{DAFD2980-98AA-413B-A9CA-7E3EAA70E24C}"
EndProject
Project("{2150E333-8FDC-42A3-9474-1A3956D46DE8}") = "Domain", "Domain", "{AD4B5B0D-2ACC-4AB5-A658-A7461BAD1D97}"
EndProject
Project("{FAE04EC0-301F-11D3-BF4B-00C04F79EFBC}") = "Sagar.RS.Domain", "Sagar.RS.Domain\Sagar.RS.Domain.csproj", "{FE04F7D5-6B63-4497-8FE7-0068574A2AA1}"
EndProject
Project("{2150E333-8FDC-42A3-9474-1A3956D46DE8}") = "BLL", "BLL", "{775BD687-F654-4B36-8080-C26CC6D88E83}"
EndProject
Project("{FAE04EC0-301F-11D3-BF4B-00C04F79EFBC}") = "Sagar.RS.BLL", "Sagar.RS.BLL\Sagar.RS.BLL.csproj", "{2D0F7CED-FE32-4B54-8FFC-958984DBBF9B}"
EndProject
Project("{FAE04EC0-301F-11D3-BF4B-00C04F79EFBC}") = "Sagar.RS.APIs", "Sagar.RS.APIs\Sagar.RS.APIs.csproj", "{C48B300C-65BB-49C6-8458-E2B6EDBDCAAD}"
EndProject
Project("{FAE04EC0-301F-11D3-BF4B-00C04F79EFBC}") = "Sagar.RS.TestCases", "Sagar.RS.TestCases\Sagar.RS.TestCases.csproj", "{9168504E-33F7-4DAC-BF44-59AD8DE5A1D8}"
EndProject
Global
	GlobalSection(SolutionConfigurationPlatforms) = preSolution
		Debug|Any CPU = Debug|Any CPU
		Release|Any CPU = Release|Any CPU
	EndGlobalSection
	GlobalSection(ProjectConfigurationPlatforms) = postSolution
		{26353DC6-A890-41C5-AE9A-87848EDDCD5A}.Debug|Any CPU.ActiveCfg = Debug|Any CPU
		{26353DC6-A890-41C5-AE9A-87848EDDCD5A}.Debug|Any CPU.Build.0 = Debug|Any CPU
		{26353DC6-A890-41C5-AE9A-87848EDDCD5A}.Debug|Any CPU.Deploy.0 = Debug|Any CPU
		{26353DC6-A890-41C5-AE9A-87848EDDCD5A}.Release|Any CPU.ActiveCfg = Release|Any CPU
		{26353DC6-A890-41C5-AE9A-87848EDDCD5A}.Release|Any CPU.Build.0 = Release|Any CPU
		{26353DC6-A890-41C5-AE9A-87848EDDCD5A}.Release|Any CPU.Deploy.0 = Release|Any CPU
		{8B415F8D-31D1-49DE-993C-FEF3A05D7801}.Debug|Any CPU.ActiveCfg = Debug|Any CPU
		{8B415F8D-31D1-49DE-993C-FEF3A05D7801}.Debug|Any CPU.Build.0 = Debug|Any CPU
		{8B415F8D-31D1-49DE-993C-FEF3A05D7801}.Release|Any CPU.ActiveCfg = Release|Any CPU
		{8B415F8D-31D1-49DE-993C-FEF3A05D7801}.Release|Any CPU.Build.0 = Release|Any CPU
		{FE04F7D5-6B63-4497-8FE7-0068574A2AA1}.Debug|Any CPU.ActiveCfg = Debug|Any CPU
		{FE04F7D5-6B63-4497-8FE7-0068574A2AA1}.Debug|Any CPU.Build.0 = Debug|Any CPU
		{FE04F7D5-6B63-4497-8FE7-0068574A2AA1}.Release|Any CPU.ActiveCfg = Release|Any CPU
		{FE04F7D5-6B63-4497-8FE7-0068574A2AA1}.Release|Any CPU.Build.0 = Release|Any CPU
		{2D0F7CED-FE32-4B54-8FFC-958984DBBF9B}.Debug|Any CPU.ActiveCfg = Debug|Any CPU
		{2D0F7CED-FE32-4B54-8FFC-958984DBBF9B}.Debug|Any CPU.Build.0 = Debug|Any CPU
		{2D0F7CED-FE32-4B54-8FFC-958984DBBF9B}.Release|Any CPU.ActiveCfg = Release|Any CPU
		{2D0F7CED-FE32-4B54-8FFC-958984DBBF9B}.Release|Any CPU.Build.0 = Release|Any CPU
		{C48B300C-65BB-49C6-8458-E2B6EDBDCAAD}.Debug|Any CPU.ActiveCfg = Debug|Any CPU
		{C48B300C-65BB-49C6-8458-E2B6EDBDCAAD}.Debug|Any CPU.Build.0 = Debug|Any CPU
		{C48B300C-65BB-49C6-8458-E2B6EDBDCAAD}.Release|Any CPU.ActiveCfg = Release|Any CPU
		{C48B300C-65BB-49C6-8458-E2B6EDBDCAAD}.Release|Any CPU.Build.0 = Release|Any CPU
		{9168504E-33F7-4DAC-BF44-59AD8DE5A1D8}.Debug|Any CPU.ActiveCfg = Debug|Any CPU
		{9168504E-33F7-4DAC-BF44-59AD8DE5A1D8}.Debug|Any CPU.Build.0 = Debug|Any CPU
		{9168504E-33F7-4DAC-BF44-59AD8DE5A1D8}.Release|Any CPU.ActiveCfg = Release|Any CPU
		{9168504E-33F7-4DAC-BF44-59AD8DE5A1D8}.Release|Any CPU.Build.0 = Release|Any CPU
	EndGlobalSection
	GlobalSection(SolutionProperties) = preSolution
		HideSolutionNode = FALSE
	EndGlobalSection
	GlobalSection(NestedProjects) = preSolution
		{26353DC6-A890-41C5-AE9A-87848EDDCD5A} = {3A908D06-4874-4EDB-8D83-9C8A24D1FE9F}
		{C14F79E8-66BB-4F8A-8863-F55996FFF72E} = {39472557-9CE7-4FF3-AAB4-94109B0DE55E}
		{C5556FA4-0864-4428-BD35-F99495E3F183} = {39472557-9CE7-4FF3-AAB4-94109B0DE55E}
		{FBA8CA0B-908F-4A7E-AF85-4CEEC896B736} = {39472557-9CE7-4FF3-AAB4-94109B0DE55E}
		{70B9E2FF-0D2C-4FC3-9004-AC2EB33CE21F} = {39472557-9CE7-4FF3-AAB4-94109B0DE55E}
		{B8C85235-1FAC-4877-938D-F07852B46B47} = {39472557-9CE7-4FF3-AAB4-94109B0DE55E}
		{8B415F8D-31D1-49DE-993C-FEF3A05D7801} = {C14F79E8-66BB-4F8A-8863-F55996FFF72E}
		{DAFD2980-98AA-413B-A9CA-7E3EAA70E24C} = {C5556FA4-0864-4428-BD35-F99495E3F183}
		{AD4B5B0D-2ACC-4AB5-A658-A7461BAD1D97} = {C5556FA4-0864-4428-BD35-F99495E3F183}
		{FE04F7D5-6B63-4497-8FE7-0068574A2AA1} = {AD4B5B0D-2ACC-4AB5-A658-A7461BAD1D97}
		{775BD687-F654-4B36-8080-C26CC6D88E83} = {FBA8CA0B-908F-4A7E-AF85-4CEEC896B736}
		{2D0F7CED-FE32-4B54-8FFC-958984DBBF9B} = {775BD687-F654-4B36-8080-C26CC6D88E83}
		{C48B300C-65BB-49C6-8458-E2B6EDBDCAAD} = {70B9E2FF-0D2C-4FC3-9004-AC2EB33CE21F}
		{9168504E-33F7-4DAC-BF44-59AD8DE5A1D8} = {B8C85235-1FAC-4877-938D-F07852B46B47}
	EndGlobalSection
	GlobalSection(ExtensibilityGlobals) = postSolution
		SolutionGuid = {16A3A5DE-20C2-44BE-A1CC-F7800B85F09E}
	EndGlobalSection
EndGlobal
